// !$*UTF8*$!
{
	archiveVersion = 1;
	classes = {
	};
	objectVersion = 56;
	objects = {

/* Begin PBXBuildFile section */
		3320405629F2A9B9005F4DB5 /* MenuController.swift in Sources */ = {isa = PBXBuildFile; fileRef = 3320405529F2A9B9005F4DB5 /* MenuController.swift */; };
		3321E75D29EB0F61002AE918 /* AppDelegate.swift in Sources */ = {isa = PBXBuildFile; fileRef = 3321E75C29EB0F61002AE918 /* AppDelegate.swift */; };
		3321E75F29EB0F61002AE918 /* SceneDelegate.swift in Sources */ = {isa = PBXBuildFile; fileRef = 3321E75E29EB0F61002AE918 /* SceneDelegate.swift */; };
		3321E76129EB0F61002AE918 /* WaterController.swift in Sources */ = {isa = PBXBuildFile; fileRef = 3321E76029EB0F61002AE918 /* WaterController.swift */; };
		3321E76429EB0F61002AE918 /* Main.storyboard in Resources */ = {isa = PBXBuildFile; fileRef = 3321E76229EB0F61002AE918 /* Main.storyboard */; };
		3321E76729EB0F61002AE918 /* WaterBalance.xcdatamodeld in Sources */ = {isa = PBXBuildFile; fileRef = 3321E76529EB0F61002AE918 /* WaterBalance.xcdatamodeld */; };
		3321E76929EB0F63002AE918 /* Assets.xcassets in Resources */ = {isa = PBXBuildFile; fileRef = 3321E76829EB0F63002AE918 /* Assets.xcassets */; };
		3321E76C29EB0F63002AE918 /* LaunchScreen.storyboard in Resources */ = {isa = PBXBuildFile; fileRef = 3321E76A29EB0F63002AE918 /* LaunchScreen.storyboard */; };
		332256342A0000D200FAE4CE /* CalendarController.swift in Sources */ = {isa = PBXBuildFile; fileRef = 332256332A0000D200FAE4CE /* CalendarController.swift */; };
		339B59E829F7D37200D9BB7B /* NotificationController.swift in Sources */ = {isa = PBXBuildFile; fileRef = 339B59E729F7D37200D9BB7B /* NotificationController.swift */; };
		33B1DC0E29FC3A7000A2D024 /* UserNotifications.framework in Frameworks */ = {isa = PBXBuildFile; fileRef = 33B1DC0D29FC3A7000A2D024 /* UserNotifications.framework */; };
		33D8FF2929EEB09400D4DCD3 /* WaveView.swift in Sources */ = {isa = PBXBuildFile; fileRef = 33D8FF2829EEB09400D4DCD3 /* WaveView.swift */; };
/* End PBXBuildFile section */

/* Begin PBXFileReference section */
		3320405529F2A9B9005F4DB5 /* MenuController.swift */ = {isa = PBXFileReference; lastKnownFileType = sourcecode.swift; path = MenuController.swift; sourceTree = "<group>"; };
		3321E75929EB0F61002AE918 /* WaterBalance.app */ = {isa = PBXFileReference; explicitFileType = wrapper.application; includeInIndex = 0; path = WaterBalance.app; sourceTree = BUILT_PRODUCTS_DIR; };
		3321E75C29EB0F61002AE918 /* AppDelegate.swift */ = {isa = PBXFileReference; lastKnownFileType = sourcecode.swift; path = AppDelegate.swift; sourceTree = "<group>"; };
		3321E75E29EB0F61002AE918 /* SceneDelegate.swift */ = {isa = PBXFileReference; lastKnownFileType = sourcecode.swift; path = SceneDelegate.swift; sourceTree = "<group>"; };
		3321E76029EB0F61002AE918 /* WaterController.swift */ = {isa = PBXFileReference; lastKnownFileType = sourcecode.swift; path = WaterController.swift; sourceTree = "<group>"; };
		3321E76329EB0F61002AE918 /* Base */ = {isa = PBXFileReference; lastKnownFileType = file.storyboard; name = Base; path = Base.lproj/Main.storyboard; sourceTree = "<group>"; };
		3321E76629EB0F61002AE918 /* WaterBalance.xcdatamodel */ = {isa = PBXFileReference; lastKnownFileType = wrapper.xcdatamodel; path = WaterBalance.xcdatamodel; sourceTree = "<group>"; };
		3321E76829EB0F63002AE918 /* Assets.xcassets */ = {isa = PBXFileReference; lastKnownFileType = folder.assetcatalog; path = Assets.xcassets; sourceTree = "<group>"; };
		3321E76B29EB0F63002AE918 /* Base */ = {isa = PBXFileReference; lastKnownFileType = file.storyboard; name = Base; path = Base.lproj/LaunchScreen.storyboard; sourceTree = "<group>"; };
		3321E76D29EB0F63002AE918 /* Info.plist */ = {isa = PBXFileReference; lastKnownFileType = text.plist.xml; path = Info.plist; sourceTree = "<group>"; };
		332256332A0000D200FAE4CE /* CalendarController.swift */ = {isa = PBXFileReference; lastKnownFileType = sourcecode.swift; path = CalendarController.swift; sourceTree = "<group>"; };
		339B59E729F7D37200D9BB7B /* NotificationController.swift */ = {isa = PBXFileReference; lastKnownFileType = sourcecode.swift; path = NotificationController.swift; sourceTree = "<group>"; };
		33B1DC0D29FC3A7000A2D024 /* UserNotifications.framework */ = {isa = PBXFileReference; lastKnownFileType = wrapper.framework; name = UserNotifications.framework; path = System/Library/Frameworks/UserNotifications.framework; sourceTree = SDKROOT; };
		33D8FF2829EEB09400D4DCD3 /* WaveView.swift */ = {isa = PBXFileReference; lastKnownFileType = sourcecode.swift; path = WaveView.swift; sourceTree = "<group>"; };
/* End PBXFileReference section */

/* Begin PBXFrameworksBuildPhase section */
		3321E75629EB0F61002AE918 /* Frameworks */ = {
			isa = PBXFrameworksBuildPhase;
			buildActionMask = 2147483647;
			files = (
				33B1DC0E29FC3A7000A2D024 /* UserNotifications.framework in Frameworks */,
			);
			runOnlyForDeploymentPostprocessing = 0;
		};
/* End PBXFrameworksBuildPhase section */

/* Begin PBXGroup section */
		3321E75029EB0F61002AE918 = {
			isa = PBXGroup;
			children = (
				3321E75B29EB0F61002AE918 /* WaterBalance */,
				3321E75A29EB0F61002AE918 /* Products */,
				33B1DC0C29FC3A7000A2D024 /* Frameworks */,
			);
			sourceTree = "<group>";
		};
		3321E75A29EB0F61002AE918 /* Products */ = {
			isa = PBXGroup;
			children = (
				3321E75929EB0F61002AE918 /* WaterBalance.app */,
			);
			name = Products;
			sourceTree = "<group>";
		};
		3321E75B29EB0F61002AE918 /* WaterBalance */ = {
			isa = PBXGroup;
			children = (
				3321E75C29EB0F61002AE918 /* AppDelegate.swift */,
				3321E75E29EB0F61002AE918 /* SceneDelegate.swift */,
				332256352A00FC1200FAE4CE /* Controllers */,
				332256362A00FC3900FAE4CE /* View */,
				3321E76229EB0F61002AE918 /* Main.storyboard */,
				3321E76A29EB0F63002AE918 /* LaunchScreen.storyboard */,
				3321E76D29EB0F63002AE918 /* Info.plist */,
				3321E76529EB0F61002AE918 /* WaterBalance.xcdatamodeld */,
			);
			path = WaterBalance;
			sourceTree = "<group>";
		};
		332256352A00FC1200FAE4CE /* Controllers */ = {
			isa = PBXGroup;
			children = (
				339B59E729F7D37200D9BB7B /* NotificationController.swift */,
				332256332A0000D200FAE4CE /* CalendarController.swift */,
				3321E76029EB0F61002AE918 /* WaterController.swift */,
				3320405529F2A9B9005F4DB5 /* MenuController.swift */,
			);
			path = Controllers;
			sourceTree = "<group>";
		};
		332256362A00FC3900FAE4CE /* View */ = {
			isa = PBXGroup;
			children = (
				3321E76829EB0F63002AE918 /* Assets.xcassets */,
				33D8FF2829EEB09400D4DCD3 /* WaveView.swift */,
			);
			path = View;
			sourceTree = "<group>";
		};
		33B1DC0C29FC3A7000A2D024 /* Frameworks */ = {
			isa = PBXGroup;
			children = (
				33B1DC0D29FC3A7000A2D024 /* UserNotifications.framework */,
			);
			name = Frameworks;
			sourceTree = "<group>";
		};
/* End PBXGroup section */

/* Begin PBXNativeTarget section */
		3321E75829EB0F61002AE918 /* WaterBalance */ = {
			isa = PBXNativeTarget;
			buildConfigurationList = 3321E77029EB0F63002AE918 /* Build configuration list for PBXNativeTarget "WaterBalance" */;
			buildPhases = (
				3321E75529EB0F61002AE918 /* Sources */,
				3321E75629EB0F61002AE918 /* Frameworks */,
				3321E75729EB0F61002AE918 /* Resources */,
			);
			buildRules = (
			);
			dependencies = (
			);
			name = WaterBalance;
			productName = WaterBalance;
			productReference = 3321E75929EB0F61002AE918 /* WaterBalance.app */;
			productType = "com.apple.product-type.application";
		};
/* End PBXNativeTarget section */

/* Begin PBXProject section */
		3321E75129EB0F61002AE918 /* Project object */ = {
			isa = PBXProject;
			attributes = {
				BuildIndependentTargetsInParallel = 1;
				LastSwiftUpdateCheck = 1420;
				LastUpgradeCheck = 1420;
				TargetAttributes = {
					3321E75829EB0F61002AE918 = {
						CreatedOnToolsVersion = 14.2;
					};
				};
			};
			buildConfigurationList = 3321E75429EB0F61002AE918 /* Build configuration list for PBXProject "WaterBalance" */;
			compatibilityVersion = "Xcode 14.0";
			developmentRegion = en;
			hasScannedForEncodings = 0;
			knownRegions = (
				en,
				Base,
			);
			mainGroup = 3321E75029EB0F61002AE918;
			productRefGroup = 3321E75A29EB0F61002AE918 /* Products */;
			projectDirPath = "";
			projectRoot = "";
			targets = (
				3321E75829EB0F61002AE918 /* WaterBalance */,
			);
		};
/* End PBXProject section */

/* Begin PBXResourcesBuildPhase section */
		3321E75729EB0F61002AE918 /* Resources */ = {
			isa = PBXResourcesBuildPhase;
			buildActionMask = 2147483647;
			files = (
				3321E76C29EB0F63002AE918 /* LaunchScreen.storyboard in Resources */,
				3321E76929EB0F63002AE918 /* Assets.xcassets in Resources */,
				3321E76429EB0F61002AE918 /* Main.storyboard in Resources */,
			);
			runOnlyForDeploymentPostprocessing = 0;
		};
/* End PBXResourcesBuildPhase section */

/* Begin PBXSourcesBuildPhase section */
		3321E75529EB0F61002AE918 /* Sources */ = {
			isa = PBXSourcesBuildPhase;
			buildActionMask = 2147483647;
			files = (
				3321E76129EB0F61002AE918 /* WaterController.swift in Sources */,
				332256342A0000D200FAE4CE /* CalendarController.swift in Sources */,
				33D8FF2929EEB09400D4DCD3 /* WaveView.swift in Sources */,
				3321E75D29EB0F61002AE918 /* AppDelegate.swift in Sources */,
				339B59E829F7D37200D9BB7B /* NotificationController.swift in Sources */,
				3321E76729EB0F61002AE918 /* WaterBalance.xcdatamodeld in Sources */,
				3320405629F2A9B9005F4DB5 /* MenuController.swift in Sources */,
				3321E75F29EB0F61002AE918 /* SceneDelegate.swift in Sources */,
			);
			runOnlyForDeploymentPostprocessing = 0;
		};
/* End PBXSourcesBuildPhase section */

/* Begin PBXVariantGroup section */
		3321E76229EB0F61002AE918 /* Main.storyboard */ = {
			isa = PBXVariantGroup;
			children = (
				3321E76329EB0F61002AE918 /* Base */,
			);
			name = Main.storyboard;
			sourceTree = "<group>";
		};
		3321E76A29EB0F63002AE918 /* LaunchScreen.storyboard */ = {
			isa = PBXVariantGroup;
			children = (
				3321E76B29EB0F63002AE918 /* Base */,
			);
			name = LaunchScreen.storyboard;
			sourceTree = "<group>";
		};
/* End PBXVariantGroup section */

/* Begin XCBuildConfiguration section */
		3321E76E29EB0F63002AE918 /* Debug */ = {
			isa = XCBuildConfiguration;
			buildSettings = {
				ALWAYS_SEARCH_USER_PATHS = NO;
				CLANG_ANALYZER_NONNULL = YES;
				CLANG_ANALYZER_NUMBER_OBJECT_CONVERSION = YES_AGGRESSIVE;
				CLANG_CXX_LANGUAGE_STANDARD = "gnu++20";
				CLANG_ENABLE_MODULES = YES;
				CLANG_ENABLE_OBJC_ARC = YES;
				CLANG_ENABLE_OBJC_WEAK = YES;
				CLANG_WARN_BLOCK_CAPTURE_AUTORELEASING = YES;
				CLANG_WARN_BOOL_CONVERSION = YES;
				CLANG_WARN_COMMA = YES;
				CLANG_WARN_CONSTANT_CONVERSION = YES;
				CLANG_WARN_DEPRECATED_OBJC_IMPLEMENTATIONS = YES;
				CLANG_WARN_DIRECT_OBJC_ISA_USAGE = YES_ERROR;
				CLANG_WARN_DOCUMENTATION_COMMENTS = YES;
				CLANG_WARN_EMPTY_BODY = YES;
				CLANG_WARN_ENUM_CONVERSION = YES;
				CLANG_WARN_INFINITE_RECURSION = YES;
				CLANG_WARN_INT_CONVERSION = YES;
				CLANG_WARN_NON_LITERAL_NULL_CONVERSION = YES;
				CLANG_WARN_OBJC_IMPLICIT_RETAIN_SELF = YES;
				CLANG_WARN_OBJC_LITERAL_CONVERSION = YES;
				CLANG_WARN_OBJC_ROOT_CLASS = YES_ERROR;
				CLANG_WARN_QUOTED_INCLUDE_IN_FRAMEWORK_HEADER = YES;
				CLANG_WARN_RANGE_LOOP_ANALYSIS = YES;
				CLANG_WARN_STRICT_PROTOTYPES = YES;
				CLANG_WARN_SUSPICIOUS_MOVE = YES;
				CLANG_WARN_UNGUARDED_AVAILABILITY = YES_AGGRESSIVE;
				CLANG_WARN_UNREACHABLE_CODE = YES;
				CLANG_WARN__DUPLICATE_METHOD_MATCH = YES;
				COPY_PHASE_STRIP = NO;
				DEBUG_INFORMATION_FORMAT = dwarf;
				ENABLE_STRICT_OBJC_MSGSEND = YES;
				ENABLE_TESTABILITY = YES;
				GCC_C_LANGUAGE_STANDARD = gnu11;
				GCC_DYNAMIC_NO_PIC = NO;
				GCC_NO_COMMON_BLOCKS = YES;
				GCC_OPTIMIZATION_LEVEL = 0;
				GCC_PREPROCESSOR_DEFINITIONS = (
					"DEBUG=1",
					"$(inherited)",
				);
				GCC_WARN_64_TO_32_BIT_CONVERSION = YES;
				GCC_WARN_ABOUT_RETURN_TYPE = YES_ERROR;
				GCC_WARN_UNDECLARED_SELECTOR = YES;
				GCC_WARN_UNINITIALIZED_AUTOS = YES_AGGRESSIVE;
				GCC_WARN_UNUSED_FUNCTION = YES;
				GCC_WARN_UNUSED_VARIABLE = YES;
				IPHONEOS_DEPLOYMENT_TARGET = 16.2;
				MTL_ENABLE_DEBUG_INFO = INCLUDE_SOURCE;
				MTL_FAST_MATH = YES;
				ONLY_ACTIVE_ARCH = YES;
				SDKROOT = iphoneos;
				SWIFT_ACTIVE_COMPILATION_CONDITIONS = DEBUG;
				SWIFT_OPTIMIZATION_LEVEL = "-Onone";
			};
			name = Debug;
		};
		3321E76F29EB0F63002AE918 /* Release */ = {
			isa = XCBuildConfiguration;
			buildSettings = {
				ALWAYS_SEARCH_USER_PATHS = NO;
				CLANG_ANALYZER_NONNULL = YES;
				CLANG_ANALYZER_NUMBER_OBJECT_CONVERSION = YES_AGGRESSIVE;
				CLANG_CXX_LANGUAGE_STANDARD = "gnu++20";
				CLANG_ENABLE_MODULES = YES;
				CLANG_ENABLE_OBJC_ARC = YES;
				CLANG_ENABLE_OBJC_WEAK = YES;
				CLANG_WARN_BLOCK_CAPTURE_AUTORELEASING = YES;
				CLANG_WARN_BOOL_CONVERSION = YES;
				CLANG_WARN_COMMA = YES;
				CLANG_WARN_CONSTANT_CONVERSION = YES;
				CLANG_WARN_DEPRECATED_OBJC_IMPLEMENTATIONS = YES;
				CLANG_WARN_DIRECT_OBJC_ISA_USAGE = YES_ERROR;
				CLANG_WARN_DOCUMENTATION_COMMENTS = YES;
				CLANG_WARN_EMPTY_BODY = YES;
				CLANG_WARN_ENUM_CONVERSION = YES;
				CLANG_WARN_INFINITE_RECURSION = YES;
				CLANG_WARN_INT_CONVERSION = YES;
				CLANG_WARN_NON_LITERAL_NULL_CONVERSION = YES;
				CLANG_WARN_OBJC_IMPLICIT_RETAIN_SELF = YES;
				CLANG_WARN_OBJC_LITERAL_CONVERSION = YES;
				CLANG_WARN_OBJC_ROOT_CLASS = YES_ERROR;
				CLANG_WARN_QUOTED_INCLUDE_IN_FRAMEWORK_HEADER = YES;
				CLANG_WARN_RANGE_LOOP_ANALYSIS = YES;
				CLANG_WARN_STRICT_PROTOTYPES = YES;
				CLANG_WARN_SUSPICIOUS_MOVE = YES;
				CLANG_WARN_UNGUARDED_AVAILABILITY = YES_AGGRESSIVE;
				CLANG_WARN_UNREACHABLE_CODE = YES;
				CLANG_WARN__DUPLICATE_METHOD_MATCH = YES;
				COPY_PHASE_STRIP = NO;
				DEBUG_INFORMATION_FORMAT = "dwarf-with-dsym";
				ENABLE_NS_ASSERTIONS = NO;
				ENABLE_STRICT_OBJC_MSGSEND = YES;
				GCC_C_LANGUAGE_STANDARD = gnu11;
				GCC_NO_COMMON_BLOCKS = YES;
				GCC_WARN_64_TO_32_BIT_CONVERSION = YES;
				GCC_WARN_ABOUT_RETURN_TYPE = YES_ERROR;
				GCC_WARN_UNDECLARED_SELECTOR = YES;
				GCC_WARN_UNINITIALIZED_AUTOS = YES_AGGRESSIVE;
				GCC_WARN_UNUSED_FUNCTION = YES;
				GCC_WARN_UNUSED_VARIABLE = YES;
				IPHONEOS_DEPLOYMENT_TARGET = 16.2;
				MTL_ENABLE_DEBUG_INFO = NO;
				MTL_FAST_MATH = YES;
				SDKROOT = iphoneos;
				SWIFT_COMPILATION_MODE = wholemodule;
				SWIFT_OPTIMIZATION_LEVEL = "-O";
				VALIDATE_PRODUCT = YES;
			};
			name = Release;
		};
		3321E77129EB0F63002AE918 /* Debug */ = {
			isa = XCBuildConfiguration;
			buildSettings = {
				ASSETCATALOG_COMPILER_APPICON_NAME = AppIcon;
				ASSETCATALOG_COMPILER_GLOBAL_ACCENT_COLOR_NAME = AccentColor;
				CODE_SIGN_STYLE = Automatic;
				CURRENT_PROJECT_VERSION = 1;
				DEVELOPMENT_TEAM = C9GRWZY5P5;
				GENERATE_INFOPLIST_FILE = YES;
				INFOPLIST_FILE = WaterBalance/Info.plist;
				INFOPLIST_KEY_UIApplicationSupportsIndirectInputEvents = YES;
				INFOPLIST_KEY_UILaunchStoryboardName = LaunchScreen;
				INFOPLIST_KEY_UIMainStoryboardFile = Main;
				INFOPLIST_KEY_UISupportedInterfaceOrientations = UIInterfaceOrientationPortrait;
				INFOPLIST_KEY_UISupportedInterfaceOrientations_iPad = "UIInterfaceOrientationLandscapeLeft UIInterfaceOrientationLandscapeRight UIInterfaceOrientationPortrait UIInterfaceOrientationPortraitUpsideDown";
				IPHONEOS_DEPLOYMENT_TARGET = 16.0;
				LD_RUNPATH_SEARCH_PATHS = (
					"$(inherited)",
					"@executable_path/Frameworks",
				);
				MARKETING_VERSION = 1.0;
				PRODUCT_BUNDLE_IDENTIFIER = Alexandra.WaterBalance;
				PRODUCT_NAME = "$(TARGET_NAME)";
				SUPPORTED_PLATFORMS = "iphoneos iphonesimulator";
				SUPPORTS_MACCATALYST = NO;
				SUPPORTS_MAC_DESIGNED_FOR_IPHONE_IPAD = NO;
				SWIFT_EMIT_LOC_STRINGS = YES;
				SWIFT_VERSION = 5.0;
				TARGETED_DEVICE_FAMILY = 1;
			};
			name = Debug;
		};
		3321E77229EB0F63002AE918 /* Release */ = {
			isa = XCBuildConfiguration;
			buildSettings = {
				ASSETCATALOG_COMPILER_APPICON_NAME = AppIcon;
				ASSETCATALOG_COMPILER_GLOBAL_ACCENT_COLOR_NAME = AccentColor;
				CODE_SIGN_STYLE = Automatic;
				CURRENT_PROJECT_VERSION = 1;
				DEVELOPMENT_TEAM = C9GRWZY5P5;
				GENERATE_INFOPLIST_FILE = YES;
				INFOPLIST_FILE = WaterBalance/Info.plist;
				INFOPLIST_KEY_UIApplicationSupportsIndirectInputEvents = YES;
				INFOPLIST_KEY_UILaunchStoryboardName = LaunchScreen;
				INFOPLIST_KEY_UIMainStoryboardFile = Main;
				INFOPLIST_KEY_UISupportedInterfaceOrientations = UIInterfaceOrientationPortrait;
				INFOPLIST_KEY_UISupportedInterfaceOrientations_iPad = "UIInterfaceOrientationLandscapeLeft UIInterfaceOrientationLandscapeRight UIInterfaceOrientationPortrait UIInterfaceOrientationPortraitUpsideDown";
				IPHONEOS_DEPLOYMENT_TARGET = 16.0;
				LD_RUNPATH_SEARCH_PATHS = (
					"$(inherited)",
					"@executable_path/Frameworks",
				);
				MARKETING_VERSION = 1.0;
				PRODUCT_BUNDLE_IDENTIFIER = Alexandra.WaterBalance;
				PRODUCT_NAME = "$(TARGET_NAME)";
				SUPPORTED_PLATFORMS = "iphoneos iphonesimulator";
				SUPPORTS_MACCATALYST = NO;
				SUPPORTS_MAC_DESIGNED_FOR_IPHONE_IPAD = NO;
				SWIFT_EMIT_LOC_STRINGS = YES;
				SWIFT_VERSION = 5.0;
				TARGETED_DEVICE_FAMILY = 1;
			};
			name = Release;
		};
/* End XCBuildConfiguration section */

/* Begin XCConfigurationList section */
		3321E75429EB0F61002AE918 /* Build configuration list for PBXProject "WaterBalance" */ = {
			isa = XCConfigurationList;
			buildConfigurations = (
				3321E76E29EB0F63002AE918 /* Debug */,
				3321E76F29EB0F63002AE918 /* Release */,
			);
			defaultConfigurationIsVisible = 0;
			defaultConfigurationName = Release;
		};
		3321E77029EB0F63002AE918 /* Build configuration list for PBXNativeTarget "WaterBalance" */ = {
			isa = XCConfigurationList;
			buildConfigurations = (
				3321E77129EB0F63002AE918 /* Debug */,
				3321E77229EB0F63002AE918 /* Release */,
			);
			defaultConfigurationIsVisible = 0;
			defaultConfigurationName = Release;
		};
/* End XCConfigurationList section */

/* Begin XCVersionGroup section */
		3321E76529EB0F61002AE918 /* WaterBalance.xcdatamodeld */ = {
			isa = XCVersionGroup;
			children = (
				3321E76629EB0F61002AE918 /* WaterBalance.xcdatamodel */,
			);
			currentVersion = 3321E76629EB0F61002AE918 /* WaterBalance.xcdatamodel */;
			path = WaterBalance.xcdatamodeld;
			sourceTree = "<group>";
			versionGroupType = wrapper.xcdatamodel;
		};
/* End XCVersionGroup section */
	};
	rootObject = 3321E75129EB0F61002AE918 /* Project object */;
}
